// !$*UTF8*$!
{
	archiveVersion = 1;
	classes = {
	};
	objectVersion = 63;
	objects = {

/* Begin PBXBuildFile section */
		18E079DB2D5DADDF00EF59F4 /* Preview Assets.xcassets in Resources */ = {isa = PBXBuildFile; fileRef = 18E079CF2D5DADDF00EF59F4 /* Preview Assets.xcassets */; };
		18E079DC2D5DADDF00EF59F4 /* cities.json in Resources */ = {isa = PBXBuildFile; fileRef = 18E079D12D5DADDF00EF59F4 /* cities.json */; };
		18E079DD2D5DADDF00EF59F4 /* Assets.xcassets in Resources */ = {isa = PBXBuildFile; fileRef = 18E079D82D5DADDF00EF59F4 /* Assets.xcassets */; };
		18E079DE2D5DADDF00EF59F4 /* CitiesModel.swift in Sources */ = {isa = PBXBuildFile; fileRef = 18E079CD2D5DADDF00EF59F4 /* CitiesModel.swift */; };
		18E079DF2D5DADDF00EF59F4 /* ContentView.swift in Sources */ = {isa = PBXBuildFile; fileRef = 18E079D42D5DADDF00EF59F4 /* ContentView.swift */; };
		18E079E02D5DADDF00EF59F4 /* CitiesViewModel.swift in Sources */ = {isa = PBXBuildFile; fileRef = 18E079D62D5DADDF00EF59F4 /* CitiesViewModel.swift */; };
		18E079E12D5DADDF00EF59F4 /* iOSAssessmentApp.swift in Sources */ = {isa = PBXBuildFile; fileRef = 18E079D92D5DADDF00EF59F4 /* iOSAssessmentApp.swift */; };
		18E079E42D5DADE600EF59F4 /* iOSAssessmentTests.swift in Sources */ = {isa = PBXBuildFile; fileRef = 18E079E22D5DADE600EF59F4 /* iOSAssessmentTests.swift */; };
		18E079E82D5DADE900EF59F4 /* iOSAssessmentUITests.swift in Sources */ = {isa = PBXBuildFile; fileRef = 18E079E52D5DADE900EF59F4 /* iOSAssessmentUITests.swift */; };
		18E079E92D5DADE900EF59F4 /* iOSAssessmentUITestsLaunchTests.swift in Sources */ = {isa = PBXBuildFile; fileRef = 18E079E62D5DADE900EF59F4 /* iOSAssessmentUITestsLaunchTests.swift */; };
/* End PBXBuildFile section */

/* Begin PBXContainerItemProxy section */
		F2CAF8952D5CDBAB007388F3 /* PBXContainerItemProxy */ = {
			isa = PBXContainerItemProxy;
			containerPortal = F2CAF87C2D5CDBA9007388F3 /* Project object */;
			proxyType = 1;
			remoteGlobalIDString = F2CAF8832D5CDBA9007388F3;
			remoteInfo = iOSAssessment;
		};
		F2CAF89F2D5CDBAB007388F3 /* PBXContainerItemProxy */ = {
			isa = PBXContainerItemProxy;
			containerPortal = F2CAF87C2D5CDBA9007388F3 /* Project object */;
			proxyType = 1;
			remoteGlobalIDString = F2CAF8832D5CDBA9007388F3;
			remoteInfo = iOSAssessment;
		};
/* End PBXContainerItemProxy section */

/* Begin PBXFileReference section */
		18E079CD2D5DADDF00EF59F4 /* CitiesModel.swift */ = {isa = PBXFileReference; lastKnownFileType = sourcecode.swift; path = CitiesModel.swift; sourceTree = "<group>"; };
		18E079CF2D5DADDF00EF59F4 /* Preview Assets.xcassets */ = {isa = PBXFileReference; lastKnownFileType = folder.assetcatalog; path = "Preview Assets.xcassets"; sourceTree = "<group>"; };
		18E079D12D5DADDF00EF59F4 /* cities.json */ = {isa = PBXFileReference; lastKnownFileType = text.json; path = cities.json; sourceTree = "<group>"; };
		18E079D42D5DADDF00EF59F4 /* ContentView.swift */ = {isa = PBXFileReference; lastKnownFileType = sourcecode.swift; path = ContentView.swift; sourceTree = "<group>"; };
		18E079D62D5DADDF00EF59F4 /* CitiesViewModel.swift */ = {isa = PBXFileReference; lastKnownFileType = sourcecode.swift; path = CitiesViewModel.swift; sourceTree = "<group>"; };
		18E079D82D5DADDF00EF59F4 /* Assets.xcassets */ = {isa = PBXFileReference; lastKnownFileType = folder.assetcatalog; path = Assets.xcassets; sourceTree = "<group>"; };
		18E079D92D5DADDF00EF59F4 /* iOSAssessmentApp.swift */ = {isa = PBXFileReference; lastKnownFileType = sourcecode.swift; path = iOSAssessmentApp.swift; sourceTree = "<group>"; };
		18E079E22D5DADE600EF59F4 /* iOSAssessmentTests.swift */ = {isa = PBXFileReference; lastKnownFileType = sourcecode.swift; path = iOSAssessmentTests.swift; sourceTree = "<group>"; };
		18E079E52D5DADE900EF59F4 /* iOSAssessmentUITests.swift */ = {isa = PBXFileReference; lastKnownFileType = sourcecode.swift; path = iOSAssessmentUITests.swift; sourceTree = "<group>"; };
		18E079E62D5DADE900EF59F4 /* iOSAssessmentUITestsLaunchTests.swift */ = {isa = PBXFileReference; lastKnownFileType = sourcecode.swift; path = iOSAssessmentUITestsLaunchTests.swift; sourceTree = "<group>"; };
		F2CAF8842D5CDBA9007388F3 /* iOSAssessment.app */ = {isa = PBXFileReference; explicitFileType = wrapper.application; includeInIndex = 0; path = iOSAssessment.app; sourceTree = BUILT_PRODUCTS_DIR; };
		F2CAF8942D5CDBAB007388F3 /* iOSAssessmentTests.xctest */ = {isa = PBXFileReference; explicitFileType = wrapper.cfbundle; includeInIndex = 0; path = iOSAssessmentTests.xctest; sourceTree = BUILT_PRODUCTS_DIR; };
		F2CAF89E2D5CDBAB007388F3 /* iOSAssessmentUITests.xctest */ = {isa = PBXFileReference; explicitFileType = wrapper.cfbundle; includeInIndex = 0; path = iOSAssessmentUITests.xctest; sourceTree = BUILT_PRODUCTS_DIR; };
/* End PBXFileReference section */

/* Begin PBXFrameworksBuildPhase section */
		F2CAF8812D5CDBA9007388F3 /* Frameworks */ = {
			isa = PBXFrameworksBuildPhase;
			buildActionMask = 2147483647;
			files = (
			);
			runOnlyForDeploymentPostprocessing = 0;
		};
		F2CAF8912D5CDBAB007388F3 /* Frameworks */ = {
			isa = PBXFrameworksBuildPhase;
			buildActionMask = 2147483647;
			files = (
			);
			runOnlyForDeploymentPostprocessing = 0;
		};
		F2CAF89B2D5CDBAB007388F3 /* Frameworks */ = {
			isa = PBXFrameworksBuildPhase;
			buildActionMask = 2147483647;
			files = (
			);
			runOnlyForDeploymentPostprocessing = 0;
		};
/* End PBXFrameworksBuildPhase section */

/* Begin PBXGroup section */
		18E079CE2D5DADDF00EF59F4 /* Model */ = {
			isa = PBXGroup;
			children = (
				18E079CD2D5DADDF00EF59F4 /* CitiesModel.swift */,
			);
			path = Model;
			sourceTree = "<group>";
		};
		18E079D02D5DADDF00EF59F4 /* Preview Content */ = {
			isa = PBXGroup;
			children = (
				18E079CF2D5DADDF00EF59F4 /* Preview Assets.xcassets */,
			);
			path = "Preview Content";
			sourceTree = "<group>";
		};
		18E079D22D5DADDF00EF59F4 /* JsonFiles */ = {
			isa = PBXGroup;
			children = (
				18E079D12D5DADDF00EF59F4 /* cities.json */,
			);
			path = JsonFiles;
			sourceTree = "<group>";
		};
		18E079D32D5DADDF00EF59F4 /* Resources */ = {
			isa = PBXGroup;
			children = (
				18E079D22D5DADDF00EF59F4 /* JsonFiles */,
			);
			path = Resources;
			sourceTree = "<group>";
		};
		18E079D52D5DADDF00EF59F4 /* View */ = {
			isa = PBXGroup;
			children = (
				18E079D42D5DADDF00EF59F4 /* ContentView.swift */,
			);
			path = View;
			sourceTree = "<group>";
		};
		18E079D72D5DADDF00EF59F4 /* ViewModel */ = {
			isa = PBXGroup;
			children = (
				18E079D62D5DADDF00EF59F4 /* CitiesViewModel.swift */,
			);
			path = ViewModel;
			sourceTree = "<group>";
		};
		18E079DA2D5DADDF00EF59F4 /* iOSAssessment */ = {
			isa = PBXGroup;
			children = (
				18E079CE2D5DADDF00EF59F4 /* Model */,
				18E079D02D5DADDF00EF59F4 /* Preview Content */,
				18E079D32D5DADDF00EF59F4 /* Resources */,
				18E079D52D5DADDF00EF59F4 /* View */,
				18E079D72D5DADDF00EF59F4 /* ViewModel */,
				18E079D82D5DADDF00EF59F4 /* Assets.xcassets */,
				18E079D92D5DADDF00EF59F4 /* iOSAssessmentApp.swift */,
			);
			path = iOSAssessment;
			sourceTree = "<group>";
		};
		18E079E32D5DADE600EF59F4 /* iOSAssessmentTests */ = {
			isa = PBXGroup;
			children = (
				18E079E22D5DADE600EF59F4 /* iOSAssessmentTests.swift */,
			);
			path = iOSAssessmentTests;
			sourceTree = "<group>";
		};
		18E079E72D5DADE900EF59F4 /* iOSAssessmentUITests */ = {
			isa = PBXGroup;
			children = (
				18E079E52D5DADE900EF59F4 /* iOSAssessmentUITests.swift */,
				18E079E62D5DADE900EF59F4 /* iOSAssessmentUITestsLaunchTests.swift */,
			);
			path = iOSAssessmentUITests;
			sourceTree = "<group>";
		};
		F2CAF87B2D5CDBA9007388F3 = {
			isa = PBXGroup;
			children = (
				18E079DA2D5DADDF00EF59F4 /* iOSAssessment */,
				18E079E32D5DADE600EF59F4 /* iOSAssessmentTests */,
				18E079E72D5DADE900EF59F4 /* iOSAssessmentUITests */,
				F2CAF8852D5CDBA9007388F3 /* Products */,
			);
			sourceTree = "<group>";
		};
		F2CAF8852D5CDBA9007388F3 /* Products */ = {
			isa = PBXGroup;
			children = (
				F2CAF8842D5CDBA9007388F3 /* iOSAssessment.app */,
				F2CAF8942D5CDBAB007388F3 /* iOSAssessmentTests.xctest */,
				F2CAF89E2D5CDBAB007388F3 /* iOSAssessmentUITests.xctest */,
			);
			name = Products;
			sourceTree = "<group>";
		};
/* End PBXGroup section */

/* Begin PBXNativeTarget section */
		F2CAF8832D5CDBA9007388F3 /* iOSAssessment */ = {
			isa = PBXNativeTarget;
			buildConfigurationList = F2CAF8A82D5CDBAB007388F3 /* Build configuration list for PBXNativeTarget "iOSAssessment" */;
			buildPhases = (
				F2CAF8802D5CDBA9007388F3 /* Sources */,
				F2CAF8812D5CDBA9007388F3 /* Frameworks */,
				F2CAF8822D5CDBA9007388F3 /* Resources */,
			);
			buildRules = (
			);
			dependencies = (
			);
			name = iOSAssessment;
			packageProductDependencies = (
			);
			productName = iOSAssessment;
			productReference = F2CAF8842D5CDBA9007388F3 /* iOSAssessment.app */;
			productType = "com.apple.product-type.application";
		};
		F2CAF8932D5CDBAB007388F3 /* iOSAssessmentTests */ = {
			isa = PBXNativeTarget;
			buildConfigurationList = F2CAF8AB2D5CDBAB007388F3 /* Build configuration list for PBXNativeTarget "iOSAssessmentTests" */;
			buildPhases = (
				F2CAF8902D5CDBAB007388F3 /* Sources */,
				F2CAF8912D5CDBAB007388F3 /* Frameworks */,
				F2CAF8922D5CDBAB007388F3 /* Resources */,
			);
			buildRules = (
			);
			dependencies = (
				F2CAF8962D5CDBAB007388F3 /* PBXTargetDependency */,
			);
			name = iOSAssessmentTests;
			packageProductDependencies = (
			);
			productName = iOSAssessmentTests;
			productReference = F2CAF8942D5CDBAB007388F3 /* iOSAssessmentTests.xctest */;
			productType = "com.apple.product-type.bundle.unit-test";
		};
		F2CAF89D2D5CDBAB007388F3 /* iOSAssessmentUITests */ = {
			isa = PBXNativeTarget;
			buildConfigurationList = F2CAF8AE2D5CDBAB007388F3 /* Build configuration list for PBXNativeTarget "iOSAssessmentUITests" */;
			buildPhases = (
				F2CAF89A2D5CDBAB007388F3 /* Sources */,
				F2CAF89B2D5CDBAB007388F3 /* Frameworks */,
				F2CAF89C2D5CDBAB007388F3 /* Resources */,
			);
			buildRules = (
			);
			dependencies = (
				F2CAF8A02D5CDBAB007388F3 /* PBXTargetDependency */,
			);
			name = iOSAssessmentUITests;
			packageProductDependencies = (
			);
			productName = iOSAssessmentUITests;
			productReference = F2CAF89E2D5CDBAB007388F3 /* iOSAssessmentUITests.xctest */;
			productType = "com.apple.product-type.bundle.ui-testing";
		};
/* End PBXNativeTarget section */

/* Begin PBXProject section */
		F2CAF87C2D5CDBA9007388F3 /* Project object */ = {
			isa = PBXProject;
			attributes = {
				BuildIndependentTargetsInParallel = 1;
				LastSwiftUpdateCheck = 1600;
				LastUpgradeCheck = 1600;
				TargetAttributes = {
					F2CAF8832D5CDBA9007388F3 = {
						CreatedOnToolsVersion = 16.0;
					};
					F2CAF8932D5CDBAB007388F3 = {
						CreatedOnToolsVersion = 16.0;
						TestTargetID = F2CAF8832D5CDBA9007388F3;
					};
					F2CAF89D2D5CDBAB007388F3 = {
						CreatedOnToolsVersion = 16.0;
						TestTargetID = F2CAF8832D5CDBA9007388F3;
					};
				};
			};
			buildConfigurationList = F2CAF87F2D5CDBA9007388F3 /* Build configuration list for PBXProject "iOSAssessment" */;
			compatibilityVersion = "Xcode 15.0";
			developmentRegion = en;
			hasScannedForEncodings = 0;
			knownRegions = (
				en,
				Base,
			);
			mainGroup = F2CAF87B2D5CDBA9007388F3;
			minimizedProjectReferenceProxies = 1;
			productRefGroup = F2CAF8852D5CDBA9007388F3 /* Products */;
			projectDirPath = "";
			projectRoot = "";
			targets = (
				F2CAF8832D5CDBA9007388F3 /* iOSAssessment */,
				F2CAF8932D5CDBAB007388F3 /* iOSAssessmentTests */,
				F2CAF89D2D5CDBAB007388F3 /* iOSAssessmentUITests */,
			);
		};
/* End PBXProject section */

/* Begin PBXResourcesBuildPhase section */
		F2CAF8822D5CDBA9007388F3 /* Resources */ = {
			isa = PBXResourcesBuildPhase;
			buildActionMask = 2147483647;
			files = (
				18E079DB2D5DADDF00EF59F4 /* Preview Assets.xcassets in Resources */,
				18E079DC2D5DADDF00EF59F4 /* cities.json in Resources */,
				18E079DD2D5DADDF00EF59F4 /* Assets.xcassets in Resources */,
			);
			runOnlyForDeploymentPostprocessing = 0;
		};
		F2CAF8922D5CDBAB007388F3 /* Resources */ = {
			isa = PBXResourcesBuildPhase;
			buildActionMask = 2147483647;
			files = (
			);
			runOnlyForDeploymentPostprocessing = 0;
		};
		F2CAF89C2D5CDBAB007388F3 /* Resources */ = {
			isa = PBXResourcesBuildPhase;
			buildActionMask = 2147483647;
			files = (
			);
			runOnlyForDeploymentPostprocessing = 0;
		};
/* End PBXResourcesBuildPhase section */

/* Begin PBXSourcesBuildPhase section */
		F2CAF8802D5CDBA9007388F3 /* Sources */ = {
			isa = PBXSourcesBuildPhase;
			buildActionMask = 2147483647;
			files = (
				18E079DE2D5DADDF00EF59F4 /* CitiesModel.swift in Sources */,
				18E079DF2D5DADDF00EF59F4 /* ContentView.swift in Sources */,
				18E079E02D5DADDF00EF59F4 /* CitiesViewModel.swift in Sources */,
				18E079E12D5DADDF00EF59F4 /* iOSAssessmentApp.swift in Sources */,
			);
			runOnlyForDeploymentPostprocessing = 0;
		};
		F2CAF8902D5CDBAB007388F3 /* Sources */ = {
			isa = PBXSourcesBuildPhase;
			buildActionMask = 2147483647;
			files = (
				18E079E42D5DADE600EF59F4 /* iOSAssessmentTests.swift in Sources */,
			);
			runOnlyForDeploymentPostprocessing = 0;
		};
		F2CAF89A2D5CDBAB007388F3 /* Sources */ = {
			isa = PBXSourcesBuildPhase;
			buildActionMask = 2147483647;
			files = (
				18E079E82D5DADE900EF59F4 /* iOSAssessmentUITests.swift in Sources */,
				18E079E92D5DADE900EF59F4 /* iOSAssessmentUITestsLaunchTests.swift in Sources */,
			);
			runOnlyForDeploymentPostprocessing = 0;
		};
/* End PBXSourcesBuildPhase section */

/* Begin PBXTargetDependency section */
		F2CAF8962D5CDBAB007388F3 /* PBXTargetDependency */ = {
			isa = PBXTargetDependency;
			target = F2CAF8832D5CDBA9007388F3 /* iOSAssessment */;
			targetProxy = F2CAF8952D5CDBAB007388F3 /* PBXContainerItemProxy */;
		};
		F2CAF8A02D5CDBAB007388F3 /* PBXTargetDependency */ = {
			isa = PBXTargetDependency;
			target = F2CAF8832D5CDBA9007388F3 /* iOSAssessment */;
			targetProxy = F2CAF89F2D5CDBAB007388F3 /* PBXContainerItemProxy */;
		};
/* End PBXTargetDependency section */

/* Begin XCBuildConfiguration section */
		F2CAF8A62D5CDBAB007388F3 /* Debug */ = {
			isa = XCBuildConfiguration;
			buildSettings = {
				ALWAYS_SEARCH_USER_PATHS = NO;
				ASSETCATALOG_COMPILER_GENERATE_SWIFT_ASSET_SYMBOL_EXTENSIONS = YES;
				CLANG_ANALYZER_NONNULL = YES;
				CLANG_ANALYZER_NUMBER_OBJECT_CONVERSION = YES_AGGRESSIVE;
				CLANG_CXX_LANGUAGE_STANDARD = "gnu++20";
				CLANG_ENABLE_MODULES = YES;
				CLANG_ENABLE_OBJC_ARC = YES;
				CLANG_ENABLE_OBJC_WEAK = YES;
				CLANG_WARN_BLOCK_CAPTURE_AUTORELEASING = YES;
				CLANG_WARN_BOOL_CONVERSION = YES;
				CLANG_WARN_COMMA = YES;
				CLANG_WARN_CONSTANT_CONVERSION = YES;
				CLANG_WARN_DEPRECATED_OBJC_IMPLEMENTATIONS = YES;
				CLANG_WARN_DIRECT_OBJC_ISA_USAGE = YES_ERROR;
				CLANG_WARN_DOCUMENTATION_COMMENTS = YES;
				CLANG_WARN_EMPTY_BODY = YES;
				CLANG_WARN_ENUM_CONVERSION = YES;
				CLANG_WARN_INFINITE_RECURSION = YES;
				CLANG_WARN_INT_CONVERSION = YES;
				CLANG_WARN_NON_LITERAL_NULL_CONVERSION = YES;
				CLANG_WARN_OBJC_IMPLICIT_RETAIN_SELF = YES;
				CLANG_WARN_OBJC_LITERAL_CONVERSION = YES;
				CLANG_WARN_OBJC_ROOT_CLASS = YES_ERROR;
				CLANG_WARN_QUOTED_INCLUDE_IN_FRAMEWORK_HEADER = YES;
				CLANG_WARN_RANGE_LOOP_ANALYSIS = YES;
				CLANG_WARN_STRICT_PROTOTYPES = YES;
				CLANG_WARN_SUSPICIOUS_MOVE = YES;
				CLANG_WARN_UNGUARDED_AVAILABILITY = YES_AGGRESSIVE;
				CLANG_WARN_UNREACHABLE_CODE = YES;
				CLANG_WARN__DUPLICATE_METHOD_MATCH = YES;
				COPY_PHASE_STRIP = NO;
				DEBUG_INFORMATION_FORMAT = dwarf;
				ENABLE_STRICT_OBJC_MSGSEND = YES;
				ENABLE_TESTABILITY = YES;
				ENABLE_USER_SCRIPT_SANDBOXING = YES;
				GCC_C_LANGUAGE_STANDARD = gnu17;
				GCC_DYNAMIC_NO_PIC = NO;
				GCC_NO_COMMON_BLOCKS = YES;
				GCC_OPTIMIZATION_LEVEL = 0;
				GCC_PREPROCESSOR_DEFINITIONS = (
					"DEBUG=1",
					"$(inherited)",
				);
				GCC_WARN_64_TO_32_BIT_CONVERSION = YES;
				GCC_WARN_ABOUT_RETURN_TYPE = YES_ERROR;
				GCC_WARN_UNDECLARED_SELECTOR = YES;
				GCC_WARN_UNINITIALIZED_AUTOS = YES_AGGRESSIVE;
				GCC_WARN_UNUSED_FUNCTION = YES;
				GCC_WARN_UNUSED_VARIABLE = YES;
				IPHONEOS_DEPLOYMENT_TARGET = 18.0;
				LOCALIZATION_PREFERS_STRING_CATALOGS = YES;
				MTL_ENABLE_DEBUG_INFO = INCLUDE_SOURCE;
				MTL_FAST_MATH = YES;
				ONLY_ACTIVE_ARCH = YES;
				SDKROOT = iphoneos;
				SWIFT_ACTIVE_COMPILATION_CONDITIONS = "DEBUG $(inherited)";
				SWIFT_OPTIMIZATION_LEVEL = "-Onone";
			};
			name = Debug;
		};
		F2CAF8A72D5CDBAB007388F3 /* Release */ = {
			isa = XCBuildConfiguration;
			buildSettings = {
				ALWAYS_SEARCH_USER_PATHS = NO;
				ASSETCATALOG_COMPILER_GENERATE_SWIFT_ASSET_SYMBOL_EXTENSIONS = YES;
				CLANG_ANALYZER_NONNULL = YES;
				CLANG_ANALYZER_NUMBER_OBJECT_CONVERSION = YES_AGGRESSIVE;
				CLANG_CXX_LANGUAGE_STANDARD = "gnu++20";
				CLANG_ENABLE_MODULES = YES;
				CLANG_ENABLE_OBJC_ARC = YES;
				CLANG_ENABLE_OBJC_WEAK = YES;
				CLANG_WARN_BLOCK_CAPTURE_AUTORELEASING = YES;
				CLANG_WARN_BOOL_CONVERSION = YES;
				CLANG_WARN_COMMA = YES;
				CLANG_WARN_CONSTANT_CONVERSION = YES;
				CLANG_WARN_DEPRECATED_OBJC_IMPLEMENTATIONS = YES;
				CLANG_WARN_DIRECT_OBJC_ISA_USAGE = YES_ERROR;
				CLANG_WARN_DOCUMENTATION_COMMENTS = YES;
				CLANG_WARN_EMPTY_BODY = YES;
				CLANG_WARN_ENUM_CONVERSION = YES;
				CLANG_WARN_INFINITE_RECURSION = YES;
				CLANG_WARN_INT_CONVERSION = YES;
				CLANG_WARN_NON_LITERAL_NULL_CONVERSION = YES;
				CLANG_WARN_OBJC_IMPLICIT_RETAIN_SELF = YES;
				CLANG_WARN_OBJC_LITERAL_CONVERSION = YES;
				CLANG_WARN_OBJC_ROOT_CLASS = YES_ERROR;
				CLANG_WARN_QUOTED_INCLUDE_IN_FRAMEWORK_HEADER = YES;
				CLANG_WARN_RANGE_LOOP_ANALYSIS = YES;
				CLANG_WARN_STRICT_PROTOTYPES = YES;
				CLANG_WARN_SUSPICIOUS_MOVE = YES;
				CLANG_WARN_UNGUARDED_AVAILABILITY = YES_AGGRESSIVE;
				CLANG_WARN_UNREACHABLE_CODE = YES;
				CLANG_WARN__DUPLICATE_METHOD_MATCH = YES;
				COPY_PHASE_STRIP = NO;
				DEBUG_INFORMATION_FORMAT = "dwarf-with-dsym";
				ENABLE_NS_ASSERTIONS = NO;
				ENABLE_STRICT_OBJC_MSGSEND = YES;
				ENABLE_USER_SCRIPT_SANDBOXING = YES;
				GCC_C_LANGUAGE_STANDARD = gnu17;
				GCC_NO_COMMON_BLOCKS = YES;
				GCC_WARN_64_TO_32_BIT_CONVERSION = YES;
				GCC_WARN_ABOUT_RETURN_TYPE = YES_ERROR;
				GCC_WARN_UNDECLARED_SELECTOR = YES;
				GCC_WARN_UNINITIALIZED_AUTOS = YES_AGGRESSIVE;
				GCC_WARN_UNUSED_FUNCTION = YES;
				GCC_WARN_UNUSED_VARIABLE = YES;
				IPHONEOS_DEPLOYMENT_TARGET = 18.0;
				LOCALIZATION_PREFERS_STRING_CATALOGS = YES;
				MTL_ENABLE_DEBUG_INFO = NO;
				MTL_FAST_MATH = YES;
				SDKROOT = iphoneos;
				SWIFT_COMPILATION_MODE = wholemodule;
				VALIDATE_PRODUCT = YES;
			};
			name = Release;
		};
		F2CAF8A92D5CDBAB007388F3 /* Debug */ = {
			isa = XCBuildConfiguration;
			buildSettings = {
				ASSETCATALOG_COMPILER_APPICON_NAME = AppIcon;
				ASSETCATALOG_COMPILER_GLOBAL_ACCENT_COLOR_NAME = AccentColor;
				CODE_SIGN_STYLE = Automatic;
				CURRENT_PROJECT_VERSION = 1;
				DEVELOPMENT_ASSET_PATHS = "\"iOSAssessment/Preview Content\"";
				ENABLE_PREVIEWS = YES;
				GENERATE_INFOPLIST_FILE = YES;
				INFOPLIST_KEY_UIApplicationSceneManifest_Generation = YES;
				INFOPLIST_KEY_UIApplicationSupportsIndirectInputEvents = YES;
				INFOPLIST_KEY_UILaunchScreen_Generation = YES;
				INFOPLIST_KEY_UISupportedInterfaceOrientations_iPad = "UIInterfaceOrientationPortrait UIInterfaceOrientationPortraitUpsideDown UIInterfaceOrientationLandscapeLeft UIInterfaceOrientationLandscapeRight";
				INFOPLIST_KEY_UISupportedInterfaceOrientations_iPhone = "UIInterfaceOrientationPortrait UIInterfaceOrientationLandscapeLeft UIInterfaceOrientationLandscapeRight";
				IPHONEOS_DEPLOYMENT_TARGET = 15.0;
				LD_RUNPATH_SEARCH_PATHS = (
					"$(inherited)",
					"@executable_path/Frameworks",
				);
				MARKETING_VERSION = 1.0;
				PRODUCT_BUNDLE_IDENTIFIER = Nirmal.iOSAssessment;
				PRODUCT_NAME = "$(TARGET_NAME)";
				SWIFT_EMIT_LOC_STRINGS = YES;
				SWIFT_VERSION = 5.0;
				TARGETED_DEVICE_FAMILY = "1,2";
			};
			name = Debug;
		};
		F2CAF8AA2D5CDBAB007388F3 /* Release */ = {
			isa = XCBuildConfiguration;
			buildSettings = {
				ASSETCATALOG_COMPILER_APPICON_NAME = AppIcon;
				ASSETCATALOG_COMPILER_GLOBAL_ACCENT_COLOR_NAME = AccentColor;
				CODE_SIGN_STYLE = Automatic;
				CURRENT_PROJECT_VERSION = 1;
				DEVELOPMENT_ASSET_PATHS = "\"iOSAssessment/Preview Content\"";
				ENABLE_PREVIEWS = YES;
				GENERATE_INFOPLIST_FILE = YES;
				INFOPLIST_KEY_UIApplicationSceneManifest_Generation = YES;
				INFOPLIST_KEY_UIApplicationSupportsIndirectInputEvents = YES;
				INFOPLIST_KEY_UILaunchScreen_Generation = YES;
				INFOPLIST_KEY_UISupportedInterfaceOrientations_iPad = "UIInterfaceOrientationPortrait UIInterfaceOrientationPortraitUpsideDown UIInterfaceOrientationLandscapeLeft UIInterfaceOrientationLandscapeRight";
				INFOPLIST_KEY_UISupportedInterfaceOrientations_iPhone = "UIInterfaceOrientationPortrait UIInterfaceOrientationLandscapeLeft UIInterfaceOrientationLandscapeRight";
				IPHONEOS_DEPLOYMENT_TARGET = 15.0;
				LD_RUNPATH_SEARCH_PATHS = (
					"$(inherited)",
					"@executable_path/Frameworks",
				);
				MARKETING_VERSION = 1.0;
				PRODUCT_BUNDLE_IDENTIFIER = Nirmal.iOSAssessment;
				PRODUCT_NAME = "$(TARGET_NAME)";
				SWIFT_EMIT_LOC_STRINGS = YES;
				SWIFT_VERSION = 5.0;
				TARGETED_DEVICE_FAMILY = "1,2";
			};
			name = Release;
		};
		F2CAF8AC2D5CDBAB007388F3 /* Debug */ = {
			isa = XCBuildConfiguration;
			buildSettings = {
				BUNDLE_LOADER = "$(TEST_HOST)";
				CODE_SIGN_STYLE = Automatic;
				CURRENT_PROJECT_VERSION = 1;
				GENERATE_INFOPLIST_FILE = YES;
				IPHONEOS_DEPLOYMENT_TARGET = 18.0;
				MARKETING_VERSION = 1.0;
				PRODUCT_BUNDLE_IDENTIFIER = Nirmal.iOSAssessmentTests;
				PRODUCT_NAME = "$(TARGET_NAME)";
				SWIFT_EMIT_LOC_STRINGS = NO;
				SWIFT_VERSION = 5.0;
				TARGETED_DEVICE_FAMILY = "1,2";
				TEST_HOST = "$(BUILT_PRODUCTS_DIR)/iOSAssessment.app/$(BUNDLE_EXECUTABLE_FOLDER_PATH)/iOSAssessment";
			};
			name = Debug;
		};
		F2CAF8AD2D5CDBAB007388F3 /* Release */ = {
			isa = XCBuildConfiguration;
			buildSettings = {
				BUNDLE_LOADER = "$(TEST_HOST)";
				CODE_SIGN_STYLE = Automatic;
				CURRENT_PROJECT_VERSION = 1;
				GENERATE_INFOPLIST_FILE = YES;
				IPHONEOS_DEPLOYMENT_TARGET = 18.0;
				MARKETING_VERSION = 1.0;
				PRODUCT_BUNDLE_IDENTIFIER = Nirmal.iOSAssessmentTests;
				PRODUCT_NAME = "$(TARGET_NAME)";
				SWIFT_EMIT_LOC_STRINGS = NO;
				SWIFT_VERSION = 5.0;
				TARGETED_DEVICE_FAMILY = "1,2";
				TEST_HOST = "$(BUILT_PRODUCTS_DIR)/iOSAssessment.app/$(BUNDLE_EXECUTABLE_FOLDER_PATH)/iOSAssessment";
			};
			name = Release;
		};
		F2CAF8AF2D5CDBAB007388F3 /* Debug */ = {
			isa = XCBuildConfiguration;
			buildSettings = {
				CODE_SIGN_STYLE = Automatic;
				CURRENT_PROJECT_VERSION = 1;
				GENERATE_INFOPLIST_FILE = YES;
				MARKETING_VERSION = 1.0;
				PRODUCT_BUNDLE_IDENTIFIER = Nirmal.iOSAssessmentUITests;
				PRODUCT_NAME = "$(TARGET_NAME)";
				SWIFT_EMIT_LOC_STRINGS = NO;
				SWIFT_VERSION = 5.0;
				TARGETED_DEVICE_FAMILY = "1,2";
				TEST_TARGET_NAME = iOSAssessment;
			};
			name = Debug;
		};
		F2CAF8B02D5CDBAB007388F3 /* Release */ = {
			isa = XCBuildConfiguration;
			buildSettings = {
				CODE_SIGN_STYLE = Automatic;
				CURRENT_PROJECT_VERSION = 1;
				GENERATE_INFOPLIST_FILE = YES;
				MARKETING_VERSION = 1.0;
				PRODUCT_BUNDLE_IDENTIFIER = Nirmal.iOSAssessmentUITests;
				PRODUCT_NAME = "$(TARGET_NAME)";
				SWIFT_EMIT_LOC_STRINGS = NO;
				SWIFT_VERSION = 5.0;
				TARGETED_DEVICE_FAMILY = "1,2";
				TEST_TARGET_NAME = iOSAssessment;
			};
			name = Release;
		};
/* End XCBuildConfiguration section */

/* Begin XCConfigurationList section */
		F2CAF87F2D5CDBA9007388F3 /* Build configuration list for PBXProject "iOSAssessment" */ = {
			isa = XCConfigurationList;
			buildConfigurations = (
				F2CAF8A62D5CDBAB007388F3 /* Debug */,
				F2CAF8A72D5CDBAB007388F3 /* Release */,
			);
			defaultConfigurationIsVisible = 0;
			defaultConfigurationName = Release;
		};
		F2CAF8A82D5CDBAB007388F3 /* Build configuration list for PBXNativeTarget "iOSAssessment" */ = {
			isa = XCConfigurationList;
			buildConfigurations = (
				F2CAF8A92D5CDBAB007388F3 /* Debug */,
				F2CAF8AA2D5CDBAB007388F3 /* Release */,
			);
			defaultConfigurationIsVisible = 0;
			defaultConfigurationName = Release;
		};
		F2CAF8AB2D5CDBAB007388F3 /* Build configuration list for PBXNativeTarget "iOSAssessmentTests" */ = {
			isa = XCConfigurationList;
			buildConfigurations = (
				F2CAF8AC2D5CDBAB007388F3 /* Debug */,
				F2CAF8AD2D5CDBAB007388F3 /* Release */,
			);
			defaultConfigurationIsVisible = 0;
			defaultConfigurationName = Release;
		};
		F2CAF8AE2D5CDBAB007388F3 /* Build configuration list for PBXNativeTarget "iOSAssessmentUITests" */ = {
			isa = XCConfigurationList;
			buildConfigurations = (
				F2CAF8AF2D5CDBAB007388F3 /* Debug */,
				F2CAF8B02D5CDBAB007388F3 /* Release */,
			);
			defaultConfigurationIsVisible = 0;
			defaultConfigurationName = Release;
		};
/* End XCConfigurationList section */
	};
	rootObject = F2CAF87C2D5CDBA9007388F3 /* Project object */;
}
